
Microsoft Visual Studio Solution File, Format Version 12.00
# Visual Studio Version 16
VisualStudioVersion = 16.0.810.21
MinimumVisualStudioVersion = 10.0.40219.1
Project("{FAE04EC0-301F-11D3-BF4B-00C04F79EFBC}") = "Case", "Case.csproj", "{EA08389D-58B8-46BA-8C7E-1B59BCA4875E}"
EndProject
Global
	GlobalSection(SolutionConfigurationPlatforms) = preSolution
		Debug|Any CPU = Debug|Any CPU
		Release|Any CPU = Release|Any CPU
	EndGlobalSection
	GlobalSection(ProjectConfigurationPlatforms) = postSolution
		{EA08389D-58B8-46BA-8C7E-1B59BCA4875E}.Debug|Any CPU.ActiveCfg = Debug|Any CPU
		{EA08389D-58B8-46BA-8C7E-1B59BCA4875E}.Debug|Any CPU.Build.0 = Debug|Any CPU
		{EA08389D-58B8-46BA-8C7E-1B59BCA4875E}.Release|Any CPU.ActiveCfg = Release|Any CPU
		{EA08389D-58B8-46BA-8C7E-1B59BCA4875E}.Release|Any CPU.Build.0 = Release|Any CPU
	EndGlobalSection
	GlobalSection(SolutionProperties) = preSolution
		HideSolutionNode = FALSE
	EndGlobalSection
	GlobalSection(ExtensibilityGlobals) = postSolution
		SolutionGuid = {1BC8A1EA-1218-4D51-B449-0DC91339CC0F}
	EndGlobalSection
EndGlobal
